// !$*UTF8*$!
{
	archiveVersion = 1;
	classes = {
	};
	objectVersion = 56;
	objects = {

/* Begin PBXBuildFile section */
		244E4DE82C3C498C00639A39 /* MenuBarAppTemplateApp.swift in Sources */ = {isa = PBXBuildFile; fileRef = 244E4DE72C3C498C00639A39 /* MenuBarAppTemplateApp.swift */; };
		244E4DEC2C3C498D00639A39 /* Assets.xcassets in Resources */ = {isa = PBXBuildFile; fileRef = 244E4DEB2C3C498D00639A39 /* Assets.xcassets */; };
		244E4DEF2C3C498D00639A39 /* Preview Assets.xcassets in Resources */ = {isa = PBXBuildFile; fileRef = 244E4DEE2C3C498D00639A39 /* Preview Assets.xcassets */; };
		244E4DF82C3C49D500639A39 /* .gitkeep in Resources */ = {isa = PBXBuildFile; fileRef = 244E4DF72C3C49D500639A39 /* .gitkeep */; };
		244E4DFA2C3C4A0100639A39 /* AppDelegate.swift in Sources */ = {isa = PBXBuildFile; fileRef = 244E4DF92C3C4A0100639A39 /* AppDelegate.swift */; };
		244E4DFC2C3C4A5700639A39 /* MenuDelegate.swift in Sources */ = {isa = PBXBuildFile; fileRef = 244E4DFB2C3C4A5700639A39 /* MenuDelegate.swift */; };
		244E4E052C3C539000639A39 /* LICENSE in Resources */ = {isa = PBXBuildFile; fileRef = 244E4DFF2C3C4D2E00639A39 /* LICENSE */; };
		244E4E092C3C62E600639A39 /* Credits.html in Resources */ = {isa = PBXBuildFile; fileRef = 244E4E082C3C62E600639A39 /* Credits.html */; };
		244E4E0B2C3C638100639A39 /* MenuBarAppTemplateConfig.swift in Sources */ = {isa = PBXBuildFile; fileRef = 244E4E0A2C3C638100639A39 /* MenuBarAppTemplateConfig.swift */; };
/* End PBXBuildFile section */

/* Begin PBXFileReference section */
		244E4DE42C3C498C00639A39 /* MenuBarAppTemplate.app */ = {isa = PBXFileReference; explicitFileType = wrapper.application; includeInIndex = 0; path = MenuBarAppTemplate.app; sourceTree = BUILT_PRODUCTS_DIR; };
		244E4DE72C3C498C00639A39 /* MenuBarAppTemplateApp.swift */ = {isa = PBXFileReference; lastKnownFileType = sourcecode.swift; path = MenuBarAppTemplateApp.swift; sourceTree = "<group>"; };
		244E4DEB2C3C498D00639A39 /* Assets.xcassets */ = {isa = PBXFileReference; lastKnownFileType = folder.assetcatalog; path = Assets.xcassets; sourceTree = "<group>"; };
		244E4DEE2C3C498D00639A39 /* Preview Assets.xcassets */ = {isa = PBXFileReference; lastKnownFileType = folder.assetcatalog; path = "Preview Assets.xcassets"; sourceTree = "<group>"; };
		244E4DF02C3C498D00639A39 /* MenuBarAppTemplate.entitlements */ = {isa = PBXFileReference; lastKnownFileType = text.plist.entitlements; path = MenuBarAppTemplate.entitlements; sourceTree = "<group>"; };
		244E4DF72C3C49D500639A39 /* .gitkeep */ = {isa = PBXFileReference; lastKnownFileType = text; path = .gitkeep; sourceTree = "<group>"; };
		244E4DF92C3C4A0100639A39 /* AppDelegate.swift */ = {isa = PBXFileReference; lastKnownFileType = sourcecode.swift; path = AppDelegate.swift; sourceTree = "<group>"; };
		244E4DFB2C3C4A5700639A39 /* MenuDelegate.swift */ = {isa = PBXFileReference; lastKnownFileType = sourcecode.swift; path = MenuDelegate.swift; sourceTree = "<group>"; };
		244E4DFF2C3C4D2E00639A39 /* LICENSE */ = {isa = PBXFileReference; lastKnownFileType = text; path = LICENSE; sourceTree = "<group>"; };
		244E4E082C3C62E600639A39 /* Credits.html */ = {isa = PBXFileReference; lastKnownFileType = text.html; path = Credits.html; sourceTree = "<group>"; };
		244E4E0A2C3C638100639A39 /* MenuBarAppTemplateConfig.swift */ = {isa = PBXFileReference; lastKnownFileType = sourcecode.swift; path = MenuBarAppTemplateConfig.swift; sourceTree = "<group>"; };
/* End PBXFileReference section */

/* Begin PBXFrameworksBuildPhase section */
		244E4DE12C3C498C00639A39 /* Frameworks */ = {
			isa = PBXFrameworksBuildPhase;
			buildActionMask = 2147483647;
			files = (
			);
			runOnlyForDeploymentPostprocessing = 0;
		};
/* End PBXFrameworksBuildPhase section */

/* Begin PBXGroup section */
		244E4DDB2C3C498B00639A39 = {
			isa = PBXGroup;
			children = (
				244E4DFF2C3C4D2E00639A39 /* LICENSE */,
				244E4DE62C3C498C00639A39 /* MenuBarAppTemplate */,
				244E4DE52C3C498C00639A39 /* Products */,
			);
			sourceTree = "<group>";
		};
		244E4DE52C3C498C00639A39 /* Products */ = {
			isa = PBXGroup;
			children = (
				244E4DE42C3C498C00639A39 /* MenuBarAppTemplate.app */,
			);
			name = Products;
			sourceTree = "<group>";
		};
		244E4DE62C3C498C00639A39 /* MenuBarAppTemplate */ = {
			isa = PBXGroup;
			children = (
				244E4DF62C3C49B500639A39 /* Utilities */,
				244E4DE72C3C498C00639A39 /* MenuBarAppTemplateApp.swift */,
				244E4DEB2C3C498D00639A39 /* Assets.xcassets */,
				244E4DF02C3C498D00639A39 /* MenuBarAppTemplate.entitlements */,
				244E4DED2C3C498D00639A39 /* Preview Content */,
				244E4DF92C3C4A0100639A39 /* AppDelegate.swift */,
				244E4DFB2C3C4A5700639A39 /* MenuDelegate.swift */,
				244E4E082C3C62E600639A39 /* Credits.html */,
				244E4E0A2C3C638100639A39 /* MenuBarAppTemplateConfig.swift */,
			);
			path = MenuBarAppTemplate;
			sourceTree = "<group>";
		};
		244E4DED2C3C498D00639A39 /* Preview Content */ = {
			isa = PBXGroup;
			children = (
				244E4DEE2C3C498D00639A39 /* Preview Assets.xcassets */,
			);
			path = "Preview Content";
			sourceTree = "<group>";
		};
		244E4DF62C3C49B500639A39 /* Utilities */ = {
			isa = PBXGroup;
			children = (
				244E4DF72C3C49D500639A39 /* .gitkeep */,
			);
			path = Utilities;
			sourceTree = "<group>";
		};
/* End PBXGroup section */

/* Begin PBXNativeTarget section */
		244E4DE32C3C498C00639A39 /* MenuBarAppTemplate */ = {
			isa = PBXNativeTarget;
			buildConfigurationList = 244E4DF32C3C498D00639A39 /* Build configuration list for PBXNativeTarget "MenuBarAppTemplate" */;
			buildPhases = (
				244E4DE02C3C498C00639A39 /* Sources */,
				244E4DE12C3C498C00639A39 /* Frameworks */,
				244E4DE22C3C498C00639A39 /* Resources */,
			);
			buildRules = (
			);
			dependencies = (
			);
			name = MenuBarAppTemplate;
			productName = MenuBarAppTemplate;
			productReference = 244E4DE42C3C498C00639A39 /* MenuBarAppTemplate.app */;
			productType = "com.apple.product-type.application";
		};
/* End PBXNativeTarget section */

/* Begin PBXProject section */
		244E4DDC2C3C498B00639A39 /* Project object */ = {
			isa = PBXProject;
			attributes = {
				BuildIndependentTargetsInParallel = 1;
				LastSwiftUpdateCheck = 1540;
				LastUpgradeCheck = 1540;
				TargetAttributes = {
					244E4DE32C3C498C00639A39 = {
						CreatedOnToolsVersion = 15.4;
					};
				};
			};
			buildConfigurationList = 244E4DDF2C3C498B00639A39 /* Build configuration list for PBXProject "MenuBarAppTemplate" */;
			compatibilityVersion = "Xcode 14.0";
			developmentRegion = en;
			hasScannedForEncodings = 0;
			knownRegions = (
				en,
				Base,
			);
			mainGroup = 244E4DDB2C3C498B00639A39;
			productRefGroup = 244E4DE52C3C498C00639A39 /* Products */;
			projectDirPath = "";
			projectRoot = "";
			targets = (
				244E4DE32C3C498C00639A39 /* MenuBarAppTemplate */,
			);
		};
/* End PBXProject section */

/* Begin PBXResourcesBuildPhase section */
		244E4DE22C3C498C00639A39 /* Resources */ = {
			isa = PBXResourcesBuildPhase;
			buildActionMask = 2147483647;
			files = (
				244E4DF82C3C49D500639A39 /* .gitkeep in Resources */,
				244E4DEF2C3C498D00639A39 /* Preview Assets.xcassets in Resources */,
				244E4E052C3C539000639A39 /* LICENSE in Resources */,
				244E4DEC2C3C498D00639A39 /* Assets.xcassets in Resources */,
				244E4E092C3C62E600639A39 /* Credits.html in Resources */,
			);
			runOnlyForDeploymentPostprocessing = 0;
		};
/* End PBXResourcesBuildPhase section */

/* Begin PBXSourcesBuildPhase section */
		244E4DE02C3C498C00639A39 /* Sources */ = {
			isa = PBXSourcesBuildPhase;
			buildActionMask = 2147483647;
			files = (
				244E4DFA2C3C4A0100639A39 /* AppDelegate.swift in Sources */,
				244E4DE82C3C498C00639A39 /* MenuBarAppTemplateApp.swift in Sources */,
				244E4E0B2C3C638100639A39 /* MenuBarAppTemplateConfig.swift in Sources */,
				244E4DFC2C3C4A5700639A39 /* MenuDelegate.swift in Sources */,
			);
			runOnlyForDeploymentPostprocessing = 0;
		};
/* End PBXSourcesBuildPhase section */

/* Begin XCBuildConfiguration section */
		244E4DF12C3C498D00639A39 /* Debug */ = {
			isa = XCBuildConfiguration;
			buildSettings = {
				ALWAYS_SEARCH_USER_PATHS = NO;
				ASSETCATALOG_COMPILER_GENERATE_SWIFT_ASSET_SYMBOL_EXTENSIONS = YES;
				CLANG_ANALYZER_NONNULL = YES;
				CLANG_ANALYZER_NUMBER_OBJECT_CONVERSION = YES_AGGRESSIVE;
				CLANG_CXX_LANGUAGE_STANDARD = "gnu++20";
				CLANG_ENABLE_MODULES = YES;
				CLANG_ENABLE_OBJC_ARC = YES;
				CLANG_ENABLE_OBJC_WEAK = YES;
				CLANG_WARN_BLOCK_CAPTURE_AUTORELEASING = YES;
				CLANG_WARN_BOOL_CONVERSION = YES;
				CLANG_WARN_COMMA = YES;
				CLANG_WARN_CONSTANT_CONVERSION = YES;
				CLANG_WARN_DEPRECATED_OBJC_IMPLEMENTATIONS = YES;
				CLANG_WARN_DIRECT_OBJC_ISA_USAGE = YES_ERROR;
				CLANG_WARN_DOCUMENTATION_COMMENTS = YES;
				CLANG_WARN_EMPTY_BODY = YES;
				CLANG_WARN_ENUM_CONVERSION = YES;
				CLANG_WARN_INFINITE_RECURSION = YES;
				CLANG_WARN_INT_CONVERSION = YES;
				CLANG_WARN_NON_LITERAL_NULL_CONVERSION = YES;
				CLANG_WARN_OBJC_IMPLICIT_RETAIN_SELF = YES;
				CLANG_WARN_OBJC_LITERAL_CONVERSION = YES;
				CLANG_WARN_OBJC_ROOT_CLASS = YES_ERROR;
				CLANG_WARN_QUOTED_INCLUDE_IN_FRAMEWORK_HEADER = YES;
				CLANG_WARN_RANGE_LOOP_ANALYSIS = YES;
				CLANG_WARN_STRICT_PROTOTYPES = YES;
				CLANG_WARN_SUSPICIOUS_MOVE = YES;
				CLANG_WARN_UNGUARDED_AVAILABILITY = YES_AGGRESSIVE;
				CLANG_WARN_UNREACHABLE_CODE = YES;
				CLANG_WARN__DUPLICATE_METHOD_MATCH = YES;
				COPY_PHASE_STRIP = NO;
				DEAD_CODE_STRIPPING = NO;
				DEBUG_INFORMATION_FORMAT = dwarf;
				ENABLE_STRICT_OBJC_MSGSEND = YES;
				ENABLE_TESTABILITY = YES;
				ENABLE_USER_SCRIPT_SANDBOXING = YES;
				GCC_C_LANGUAGE_STANDARD = gnu17;
				GCC_DYNAMIC_NO_PIC = NO;
				GCC_NO_COMMON_BLOCKS = YES;
				GCC_OPTIMIZATION_LEVEL = 0;
				GCC_PREPROCESSOR_DEFINITIONS = (
					"DEBUG=1",
					"$(inherited)",
				);
				GCC_WARN_64_TO_32_BIT_CONVERSION = YES;
				GCC_WARN_ABOUT_RETURN_TYPE = YES_ERROR;
				GCC_WARN_UNDECLARED_SELECTOR = YES;
				GCC_WARN_UNINITIALIZED_AUTOS = YES_AGGRESSIVE;
				GCC_WARN_UNUSED_FUNCTION = YES;
				GCC_WARN_UNUSED_VARIABLE = YES;
				LLVM_LTO = YES_THIN;
				LOCALIZATION_PREFERS_STRING_CATALOGS = YES;
				MACOSX_DEPLOYMENT_TARGET = 14.5;
				MTL_ENABLE_DEBUG_INFO = INCLUDE_SOURCE;
				MTL_FAST_MATH = YES;
				ONLY_ACTIVE_ARCH = YES;
				SDKROOT = macosx;
				SWIFT_ACTIVE_COMPILATION_CONDITIONS = "DEBUG $(inherited)";
				SWIFT_OPTIMIZATION_LEVEL = "-Onone";
			};
			name = Debug;
		};
		244E4DF22C3C498D00639A39 /* Release */ = {
			isa = XCBuildConfiguration;
			buildSettings = {
				ALWAYS_SEARCH_USER_PATHS = NO;
				ASSETCATALOG_COMPILER_GENERATE_SWIFT_ASSET_SYMBOL_EXTENSIONS = YES;
				CLANG_ANALYZER_NONNULL = YES;
				CLANG_ANALYZER_NUMBER_OBJECT_CONVERSION = YES_AGGRESSIVE;
				CLANG_CXX_LANGUAGE_STANDARD = "gnu++20";
				CLANG_ENABLE_MODULES = YES;
				CLANG_ENABLE_OBJC_ARC = YES;
				CLANG_ENABLE_OBJC_WEAK = YES;
				CLANG_WARN_BLOCK_CAPTURE_AUTORELEASING = YES;
				CLANG_WARN_BOOL_CONVERSION = YES;
				CLANG_WARN_COMMA = YES;
				CLANG_WARN_CONSTANT_CONVERSION = YES;
				CLANG_WARN_DEPRECATED_OBJC_IMPLEMENTATIONS = YES;
				CLANG_WARN_DIRECT_OBJC_ISA_USAGE = YES_ERROR;
				CLANG_WARN_DOCUMENTATION_COMMENTS = YES;
				CLANG_WARN_EMPTY_BODY = YES;
				CLANG_WARN_ENUM_CONVERSION = YES;
				CLANG_WARN_INFINITE_RECURSION = YES;
				CLANG_WARN_INT_CONVERSION = YES;
				CLANG_WARN_NON_LITERAL_NULL_CONVERSION = YES;
				CLANG_WARN_OBJC_IMPLICIT_RETAIN_SELF = YES;
				CLANG_WARN_OBJC_LITERAL_CONVERSION = YES;
				CLANG_WARN_OBJC_ROOT_CLASS = YES_ERROR;
				CLANG_WARN_QUOTED_INCLUDE_IN_FRAMEWORK_HEADER = YES;
				CLANG_WARN_RANGE_LOOP_ANALYSIS = YES;
				CLANG_WARN_STRICT_PROTOTYPES = YES;
				CLANG_WARN_SUSPICIOUS_MOVE = YES;
				CLANG_WARN_UNGUARDED_AVAILABILITY = YES_AGGRESSIVE;
				CLANG_WARN_UNREACHABLE_CODE = YES;
				CLANG_WARN__DUPLICATE_METHOD_MATCH = YES;
				COPY_PHASE_STRIP = NO;
				DEAD_CODE_STRIPPING = YES;
				DEBUG_INFORMATION_FORMAT = "dwarf-with-dsym";
				ENABLE_NS_ASSERTIONS = NO;
				ENABLE_STRICT_OBJC_MSGSEND = YES;
				ENABLE_USER_SCRIPT_SANDBOXING = YES;
				GCC_C_LANGUAGE_STANDARD = gnu17;
				GCC_NO_COMMON_BLOCKS = YES;
				GCC_OPTIMIZATION_LEVEL = fast;
				GCC_WARN_64_TO_32_BIT_CONVERSION = YES;
				GCC_WARN_ABOUT_RETURN_TYPE = YES_ERROR;
				GCC_WARN_UNDECLARED_SELECTOR = YES;
				GCC_WARN_UNINITIALIZED_AUTOS = YES_AGGRESSIVE;
				GCC_WARN_UNUSED_FUNCTION = YES;
				GCC_WARN_UNUSED_VARIABLE = YES;
				LLVM_LTO = YES;
				LOCALIZATION_PREFERS_STRING_CATALOGS = YES;
				MACOSX_DEPLOYMENT_TARGET = 14.5;
				MTL_ENABLE_DEBUG_INFO = NO;
				MTL_FAST_MATH = YES;
				SDKROOT = macosx;
				SWIFT_COMPILATION_MODE = wholemodule;
				SWIFT_OPTIMIZATION_LEVEL = "-O";
			};
			name = Release;
		};
		244E4DF42C3C498D00639A39 /* Debug */ = {
			isa = XCBuildConfiguration;
			buildSettings = {
				ASSETCATALOG_COMPILER_APPICON_NAME = AppIcon;
				ASSETCATALOG_COMPILER_GLOBAL_ACCENT_COLOR_NAME = AccentColor;
				CLANG_ENABLE_MODULES = YES;
				CODE_SIGN_ENTITLEMENTS = MenuBarAppTemplate/MenuBarAppTemplate.entitlements;
				CODE_SIGN_STYLE = Automatic;
				COMBINE_HIDPI_IMAGES = YES;
				CURRENT_PROJECT_VERSION = 1;
				DEVELOPMENT_ASSET_PATHS = "\"MenuBarAppTemplate/Preview Content\"";
				ENABLE_HARDENED_RUNTIME = YES;
				ENABLE_PREVIEWS = YES;
				GENERATE_INFOPLIST_FILE = YES;
				INFOPLIST_KEY_LSUIElement = YES;
				INFOPLIST_KEY_NSHumanReadableCopyright = "© 2024 Zest Projects Ltd. All rights reserved.";
				LD_RUNPATH_SEARCH_PATHS = (
					"$(inherited)",
					"@executable_path/../Frameworks",
				);
				MACOSX_DEPLOYMENT_TARGET = 11.0;
				MARKETING_VERSION = 1.0;
				PRODUCT_BUNDLE_IDENTIFIER = dev.thezest.MenuBarAppTemplate;
				PRODUCT_NAME = "$(TARGET_NAME)";
				SWIFT_EMIT_LOC_STRINGS = YES;
				SWIFT_VERSION = 5.0;
			};
			name = Debug;
		};
		244E4DF52C3C498D00639A39 /* Release */ = {
			isa = XCBuildConfiguration;
			buildSettings = {
				ASSETCATALOG_COMPILER_APPICON_NAME = AppIcon;
				ASSETCATALOG_COMPILER_GLOBAL_ACCENT_COLOR_NAME = AccentColor;
				CLANG_ENABLE_MODULES = YES;
				CODE_SIGN_ENTITLEMENTS = MenuBarAppTemplate/MenuBarAppTemplate.entitlements;
				CODE_SIGN_STYLE = Automatic;
				COMBINE_HIDPI_IMAGES = YES;
				CURRENT_PROJECT_VERSION = 1;
				DEVELOPMENT_ASSET_PATHS = "\"MenuBarAppTemplate/Preview Content\"";
				ENABLE_HARDENED_RUNTIME = YES;
				ENABLE_PREVIEWS = YES;
				GENERATE_INFOPLIST_FILE = YES;
				INFOPLIST_KEY_LSUIElement = YES;
				INFOPLIST_KEY_NSHumanReadableCopyright = "© 2024 Zest Projects Ltd. All rights reserved.";
				LD_RUNPATH_SEARCH_PATHS = (
					"$(inherited)",
					"@executable_path/../Frameworks",
				);
				MACOSX_DEPLOYMENT_TARGET = 11.0;
				MARKETING_VERSION = 1.0;
				PRODUCT_BUNDLE_IDENTIFIER = dev.thezest.MenuBarAppTemplate;
				PRODUCT_NAME = "$(TARGET_NAME)";
				SWIFT_EMIT_LOC_STRINGS = YES;
				SWIFT_VERSION = 5.0;
			};
			name = Release;
		};
/* End XCBuildConfiguration section */

/* Begin XCConfigurationList section */
		244E4DDF2C3C498B00639A39 /* Build configuration list for PBXProject "MenuBarAppTemplate" */ = {
			isa = XCConfigurationList;
			buildConfigurations = (
				244E4DF12C3C498D00639A39 /* Debug */,
				244E4DF22C3C498D00639A39 /* Release */,
			);
			defaultConfigurationIsVisible = 0;
			defaultConfigurationName = Release;
		};
		244E4DF32C3C498D00639A39 /* Build configuration list for PBXNativeTarget "MenuBarAppTemplate" */ = {
			isa = XCConfigurationList;
			buildConfigurations = (
				244E4DF42C3C498D00639A39 /* Debug */,
				244E4DF52C3C498D00639A39 /* Release */,
			);
			defaultConfigurationIsVisible = 0;
			defaultConfigurationName = Release;
		};
/* End XCConfigurationList section */
	};
	rootObject = 244E4DDC2C3C498B00639A39 /* Project object */;
}
